
Microsoft Visual Studio Solution File, Format Version 12.00
Project("{FAE04EC0-301F-11D3-BF4B-00C04F79EFBC}") = "DBFirst", "DBFirst\DBFirst.csproj", "{217E8A91-A045-46D2-8CE5-C1D48226400E}"
EndProject
Global
	GlobalSection(SolutionConfigurationPlatforms) = preSolution
		Debug|Any CPU = Debug|Any CPU
		Release|Any CPU = Release|Any CPU
	EndGlobalSection
	GlobalSection(ProjectConfigurationPlatforms) = postSolution
		{217E8A91-A045-46D2-8CE5-C1D48226400E}.Debug|Any CPU.ActiveCfg = Debug|Any CPU
		{217E8A91-A045-46D2-8CE5-C1D48226400E}.Debug|Any CPU.Build.0 = Debug|Any CPU
		{217E8A91-A045-46D2-8CE5-C1D48226400E}.Release|Any CPU.ActiveCfg = Release|Any CPU
		{217E8A91-A045-46D2-8CE5-C1D48226400E}.Release|Any CPU.Build.0 = Release|Any CPU
	EndGlobalSection
EndGlobal
